github.com/excelano/encsniff-go v0.1.0 h1:d6We0GAgSJCSDETArK2tSxKco1XyrZnpw8k70kAHCU0=
github.com/excelano/encsniff-go v0.1.0/go.mod h1:5k9ijQKmg4Lp1hqmihMpMFNuTa/6yeR7VXqkIlAnx9k=
golang.org/x/sys v0.46.0 h1:noSf2Fq6F8DBgS+LysIkx7rIExoNHJsxOAtPp4rthXw=
golang.org/x/sys v0.46.0/go.mod h1:4GL1E5IUh+htKOUEOaiffhrAeqysfVGipDYzABqnCmw=
golang.org/x/term v0.44.0 h1:0rLvDRCtNj0gZkyIXhCyOb2OAzEhLVqc4B+hrsBhrmc=
golang.org/x/term v0.44.0/go.mod h1:7ze4MdzUzLXpSAoFP1H0bOI9aXDqveSvatT5vKcFh2Y=
